github.com/awalterschulze/gographviz v2.0.3+incompatible h1:9sVEXJBJLwGX7EQVhLm2elIKCm7P2YHFC8v6096G09E=
github.com/awalterschulze/gographviz v2.0.3+incompatible/go.mod h1:GEV5wmg4YquNw7v1kkyoX9etIk8yVmXj+AkDHuuETHs=
github.com/eapache/queue v1.1.0 h1:YOEu7KNc61ntiQlcEeUIoDTJ2o8mQznoNvUhiigpIqc=
github.com/eapache/queue v1.1.0/go.mod h1:6eCeP0CKFpHLu8blIFXhExK/dRa7WDZfr6jVFPTqq+I=
github.com/eapache/queue/v2 v2.0.0-20230407133247-75960ed334e4 h1:8EXxF+tCLqaVk8AOC29zl2mnhQjwyLxxOTuhUazWRsg=
github.com/eapache/queue/v2 v2.0.0-20230407133247-75960ed334e4/go.mod h1:I5sHm0Y0T1u5YjlyqC5GVArM7aNZRUYtTjmJ8mPJFds=
